
Microsoft Visual Studio Solution File, Format Version 12.00
# Visual Studio Version 16
VisualStudioVersion = 16.0.30204.135
MinimumVisualStudioVersion = 10.0.40219.1
Project("{FAE04EC0-301F-11D3-BF4B-00C04F79EFBC}") = "trénink pole", "trénink pole\trénink pole.csproj", "{AE268D0A-6997-4434-B64E-6E9A297FC063}"
EndProject
Global
	GlobalSection(SolutionConfigurationPlatforms) = preSolution
		Debug|Any CPU = Debug|Any CPU
		Release|Any CPU = Release|Any CPU
	EndGlobalSection
	GlobalSection(ProjectConfigurationPlatforms) = postSolution
		{AE268D0A-6997-4434-B64E-6E9A297FC063}.Debug|Any CPU.ActiveCfg = Debug|Any CPU
		{AE268D0A-6997-4434-B64E-6E9A297FC063}.Debug|Any CPU.Build.0 = Debug|Any CPU
		{AE268D0A-6997-4434-B64E-6E9A297FC063}.Release|Any CPU.ActiveCfg = Release|Any CPU
		{AE268D0A-6997-4434-B64E-6E9A297FC063}.Release|Any CPU.Build.0 = Release|Any CPU
	EndGlobalSection
	GlobalSection(SolutionProperties) = preSolution
		HideSolutionNode = FALSE
	EndGlobalSection
	GlobalSection(ExtensibilityGlobals) = postSolution
		SolutionGuid = {CE431BEB-B9BE-4051-B9F9-0687332CB63C}
	EndGlobalSection
EndGlobal
